<?xml version="1.0" encoding="utf-8"?>
<Project ToolsVersion="4.0" xmlns="http://schemas.microsoft.com/developer/msbuild/2003">
  <ItemGroup>
    <Filter Include="FastEngine">
      <UniqueIdentifier>{494BA31F-3503-E56C-9E0A-BEC88AE17F5D}</UniqueIdentifier>
    </Filter>
    <Filter Include="FastEngine\Events">
      <UniqueIdentifier>{0D4BDC3D-7961-DAD3-C2D8-65F52E2EAB5B}</UniqueIdentifier>
    </Filter>
    <Filter Include="FastEngine\ImGui">
      <UniqueIdentifier>{335313C4-1F4C-3216-487E-179B34D61122}</UniqueIdentifier>
    </Filter>
    <Filter Include="FastEngine\Platform">
      <UniqueIdentifier>{BD493942-29AB-1650-B218-5D021E794D0F}</UniqueIdentifier>
    </Filter>
    <Filter Include="FastEngine\Platform\Windows">
      <UniqueIdentifier>{F7605F6D-636E-8D53-EC54-893E5861590A}</UniqueIdentifier>
    </Filter>
  </ItemGroup>
  <ItemGroup>
    <ClInclude Include="Source\FastEngine.h" />
    <ClInclude Include="Source\FastEngine\Application.h">
      <Filter>FastEngine</Filter>
    </ClInclude>
    <ClInclude Include="Source\FastEngine\Core.h">
      <Filter>FastEngine</Filter>
    </ClInclude>
    <ClInclude Include="Source\FastEngine\EntryPoint.h">
      <Filter>FastEngine</Filter>
    </ClInclude>
    <ClInclude Include="Source\FastEngine\Events\Event.h">
      <Filter>FastEngine\Events</Filter>
    </ClInclude>
    <ClInclude Include="Source\FastEngine\ImGui\ImGuiLayerI.h">
      <Filter>FastEngine\ImGui</Filter>
    </ClInclude>
    <ClInclude Include="Source\FastEngine\Log.h">
      <Filter>FastEngine</Filter>
    </ClInclude>
    <ClInclude Include="Source\FastEngine\Platform\Windows\WindowsWindow.h">
      <Filter>FastEngine\Platform\Windows</Filter>
    </ClInclude>
    <ClInclude Include="Source\FastEngine\Window.h">
      <Filter>FastEngine</Filter>
    </ClInclude>
    <ClInclude Include="Source\FastEngine\fepch.h">
      <Filter>FastEngine</Filter>
    </ClInclude>
    <ClInclude Include="Source\FastEngine\Events\ApplicationEvent.h" />
  </ItemGroup>
  <ItemGroup>
    <ClCompile Include="Source\FastEngine\Application.cpp">
      <Filter>FastEngine</Filter>
    </ClCompile>
    <ClCompile Include="Source\FastEngine\ImGui\ImGuiLayer.cpp">
      <Filter>FastEngine\ImGui</Filter>
    </ClCompile>
    <ClCompile Include="Source\FastEngine\Log.cpp">
      <Filter>FastEngine</Filter>
    </ClCompile>
    <ClCompile Include="Source\FastEngine\Platform\Windows\WindowsWindow.cpp">
      <Filter>FastEngine\Platform\Windows</Filter>
    </ClCompile>
    <ClCompile Include="Source\FastEngine\fepch.cpp">
      <Filter>FastEngine</Filter>
    </ClCompile>
  </ItemGroup>
</Project>